{
  "nodes": {
    "blueprint": {
      "inputs": {
        "nixpkgs": [
          "narwal",
          "nixpkgs"
        ],
        "systems": [
          "narwal",
          "systems"
        ]
      },
      "locked": {
        "lastModified": 1744632722,
        "narHash": "sha256-0chvqUV1Kzf8BMQ7MsH3CeicJEb2HeCpwliS77FGyfc=",
        "owner": "numtide",
        "repo": "blueprint",
        "rev": "49bbd5d072b577072f4a1d07d4b0621ecce768af",
        "type": "github"
      },
      "original": {
        "owner": "numtide",
        "repo": "blueprint",
        "type": "github"
      }
    },
    "disko": {
      "inputs": {
        "nixpkgs": [
          "narwal",
          "nixpkgs"
        ]
      },
      "locked": {
        "lastModified": 1749089136,
        "narHash": "sha256-A1UgwtAEQYd38Z6VoRAiGs4jZQczAGyP5DF3hhYUdpg=",
        "owner": "nix-community",
        "repo": "disko",
        "rev": "a4f7deb49f7336feb6c5abaf213b374936421dbe",
        "type": "github"
      },
      "original": {
        "owner": "nix-community",
        "repo": "disko",
        "type": "github"
      }
    },
    "narwal": {
      "inputs": {
        "blueprint": "blueprint",
        "nixpkgs": "nixpkgs",
        "systems": "systems",
        "treefmt-nix": "treefmt-nix"
      },
      "locked": {
        "path": "..",
        "type": "path"
      },
      "original": {
        "path": "..",
        "type": "path"
      },
      "parent": []
    },
    "nixpkgs": {
      "locked": {
        "lastModified": 1748460289,
        "narHash": "sha256-7doLyJBzCllvqX4gszYtmZUToxKvMUrg45EUWaUYmBg=",
        "owner": "NixOS",
        "repo": "nixpkgs",
        "rev": "96ec055edbe5ee227f28cdbc3f1ddf1df5965102",
        "type": "github"
      },
      "original": {
        "owner": "NixOS",
        "ref": "nixos-unstable",
        "repo": "nixpkgs",
        "type": "github"
      }
    },
    "root": {
      "inputs": {
        "blueprint": [
          "narwal",
          "blueprint"
        ],
        "disko": "disko",
        "narwal": "narwal",
        "nixpkgs": [
          "narwal",
          "nixpkgs"
        ],
        "srvos": "srvos",
        "systems": [
          "narwal",
          "systems"
        ]
      }
    },
    "srvos": {
      "inputs": {
        "nixpkgs": [
          "narwal",
          "nixpkgs"
        ]
      },
      "locked": {
        "lastModified": 1749085476,
        "narHash": "sha256-f7xYvCF6wOuZdaPYiunBytY2Iwbnr8Vid7PVDruIYb4=",
        "owner": "nix-community",
        "repo": "srvos",
        "rev": "3dd4f203fee166ac6bb423c0fd4be20de713ad40",
        "type": "github"
      },
      "original": {
        "owner": "nix-community",
        "repo": "srvos",
        "type": "github"
      }
    },
    "systems": {
      "locked": {
        "lastModified": 1681028828,
        "narHash": "sha256-Vy1rq5AaRuLzOxct8nz4T6wlgyUR7zLU309k9mBC768=",
        "owner": "nix-systems",
        "repo": "default",
        "rev": "da67096a3b9bf56a91d16901293e51ba5b49a27e",
        "type": "github"
      },
      "original": {
        "owner": "nix-systems",
        "repo": "default",
        "type": "github"
      }
    },
    "treefmt-nix": {
      "inputs": {
        "nixpkgs": [
          "narwal",
          "nixpkgs"
        ]
      },
      "locked": {
        "lastModified": 1748243702,
        "narHash": "sha256-9YzfeN8CB6SzNPyPm2XjRRqSixDopTapaRsnTpXUEY8=",
        "owner": "numtide",
        "repo": "treefmt-nix",
        "rev": "1f3f7b784643d488ba4bf315638b2b0a4c5fb007",
        "type": "github"
      },
      "original": {
        "owner": "numtide",
        "repo": "treefmt-nix",
        "type": "github"
      }
    }
  },
  "root": "root",
  "version": 7
}
